// !$*UTF8*$!
{
	archiveVersion = 1;
	classes = {
	};
	objectVersion = 48;
	objects = {

/* Begin PBXBuildFile section */
		A4ADD6DE1F78ACCF0095C9BE /* TTInputBar.m in Sources */ = {isa = PBXBuildFile; fileRef = A4ADD6DD1F78ACCF0095C9BE /* TTInputBar.m */; };
		A4ADD6E11F78AD390095C9BE /* TTInputPanenSource.m in Sources */ = {isa = PBXBuildFile; fileRef = A4ADD6E01F78AD390095C9BE /* TTInputPanenSource.m */; };
		A4ADD6E41F78AD7C0095C9BE /* TTInputSource.m in Sources */ = {isa = PBXBuildFile; fileRef = A4ADD6E31F78AD7C0095C9BE /* TTInputSource.m */; };
		A4ADD6E71F78AD9F0095C9BE /* TTInputPanelBar.m in Sources */ = {isa = PBXBuildFile; fileRef = A4ADD6E61F78AD9F0095C9BE /* TTInputPanelBar.m */; };
		A4ADD6EA1F78ADDA0095C9BE /* TTInput.m in Sources */ = {isa = PBXBuildFile; fileRef = A4ADD6E91F78ADDA0095C9BE /* TTInput.m */; };
		A4ADD6ED1F78B09B0095C9BE /* TTInputBarItem.m in Sources */ = {isa = PBXBuildFile; fileRef = A4ADD6EC1F78B09B0095C9BE /* TTInputBarItem.m */; };
		A4ADD6F31F78B0CC0095C9BE /* TTInputPanelBarlItem.m in Sources */ = {isa = PBXBuildFile; fileRef = A4ADD6F21F78B0CC0095C9BE /* TTInputPanelBarlItem.m */; };
		A4ADD6F61F78B1DB0095C9BE /* TTInputSrouceItem.m in Sources */ = {isa = PBXBuildFile; fileRef = A4ADD6F51F78B1DB0095C9BE /* TTInputSrouceItem.m */; };
		A4ADD6F91F78B1ED0095C9BE /* TTInputPanelSourceItem.m in Sources */ = {isa = PBXBuildFile; fileRef = A4ADD6F81F78B1ED0095C9BE /* TTInputPanelSourceItem.m */; };
		A4C1C51C1F72650300F9DFD8 /* TTInputPanel.m in Sources */ = {isa = PBXBuildFile; fileRef = A4C1C51B1F72650300F9DFD8 /* TTInputPanel.m */; };
		A4C1C51D1F72650300F9DFD8 /* TTInputPanel.h in CopyFiles */ = {isa = PBXBuildFile; fileRef = A4C1C51A1F72650300F9DFD8 /* TTInputPanel.h */; };
/* End PBXBuildFile section */

/* Begin PBXCopyFilesBuildPhase section */
		A4C1C5151F72650300F9DFD8 /* CopyFiles */ = {
			isa = PBXCopyFilesBuildPhase;
			buildActionMask = 2147483647;
			dstPath = "include/$(PRODUCT_NAME)";
			dstSubfolderSpec = 16;
			files = (
				A4C1C51D1F72650300F9DFD8 /* TTInputPanel.h in CopyFiles */,
			);
			runOnlyForDeploymentPostprocessing = 0;
		};
/* End PBXCopyFilesBuildPhase section */

/* Begin PBXFileReference section */
		A4ADD6DC1F78ACCF0095C9BE /* TTInputBar.h */ = {isa = PBXFileReference; lastKnownFileType = sourcecode.c.h; path = TTInputBar.h; sourceTree = "<group>"; };
		A4ADD6DD1F78ACCF0095C9BE /* TTInputBar.m */ = {isa = PBXFileReference; lastKnownFileType = sourcecode.c.objc; path = TTInputBar.m; sourceTree = "<group>"; };
		A4ADD6DF1F78AD390095C9BE /* TTInputPanenSource.h */ = {isa = PBXFileReference; lastKnownFileType = sourcecode.c.h; path = TTInputPanenSource.h; sourceTree = "<group>"; };
		A4ADD6E01F78AD390095C9BE /* TTInputPanenSource.m */ = {isa = PBXFileReference; lastKnownFileType = sourcecode.c.objc; path = TTInputPanenSource.m; sourceTree = "<group>"; };
		A4ADD6E21F78AD7C0095C9BE /* TTInputSource.h */ = {isa = PBXFileReference; lastKnownFileType = sourcecode.c.h; path = TTInputSource.h; sourceTree = "<group>"; };
		A4ADD6E31F78AD7C0095C9BE /* TTInputSource.m */ = {isa = PBXFileReference; lastKnownFileType = sourcecode.c.objc; path = TTInputSource.m; sourceTree = "<group>"; };
		A4ADD6E51F78AD9F0095C9BE /* TTInputPanelBar.h */ = {isa = PBXFileReference; lastKnownFileType = sourcecode.c.h; path = TTInputPanelBar.h; sourceTree = "<group>"; };
		A4ADD6E61F78AD9F0095C9BE /* TTInputPanelBar.m */ = {isa = PBXFileReference; lastKnownFileType = sourcecode.c.objc; path = TTInputPanelBar.m; sourceTree = "<group>"; };
		A4ADD6E81F78ADDA0095C9BE /* TTInput.h */ = {isa = PBXFileReference; lastKnownFileType = sourcecode.c.h; path = TTInput.h; sourceTree = "<group>"; };
		A4ADD6E91F78ADDA0095C9BE /* TTInput.m */ = {isa = PBXFileReference; lastKnownFileType = sourcecode.c.objc; path = TTInput.m; sourceTree = "<group>"; };
		A4ADD6EB1F78B09B0095C9BE /* TTInputBarItem.h */ = {isa = PBXFileReference; lastKnownFileType = sourcecode.c.h; path = TTInputBarItem.h; sourceTree = "<group>"; };
		A4ADD6EC1F78B09B0095C9BE /* TTInputBarItem.m */ = {isa = PBXFileReference; lastKnownFileType = sourcecode.c.objc; path = TTInputBarItem.m; sourceTree = "<group>"; };
		A4ADD6F11F78B0CC0095C9BE /* TTInputPanelBarlItem.h */ = {isa = PBXFileReference; lastKnownFileType = sourcecode.c.h; path = TTInputPanelBarlItem.h; sourceTree = "<group>"; };
		A4ADD6F21F78B0CC0095C9BE /* TTInputPanelBarlItem.m */ = {isa = PBXFileReference; lastKnownFileType = sourcecode.c.objc; path = TTInputPanelBarlItem.m; sourceTree = "<group>"; };
		A4ADD6F41F78B1DB0095C9BE /* TTInputSrouceItem.h */ = {isa = PBXFileReference; lastKnownFileType = sourcecode.c.h; path = TTInputSrouceItem.h; sourceTree = "<group>"; };
		A4ADD6F51F78B1DB0095C9BE /* TTInputSrouceItem.m */ = {isa = PBXFileReference; lastKnownFileType = sourcecode.c.objc; path = TTInputSrouceItem.m; sourceTree = "<group>"; };
		A4ADD6F71F78B1ED0095C9BE /* TTInputPanelSourceItem.h */ = {isa = PBXFileReference; lastKnownFileType = sourcecode.c.h; path = TTInputPanelSourceItem.h; sourceTree = "<group>"; };
		A4ADD6F81F78B1ED0095C9BE /* TTInputPanelSourceItem.m */ = {isa = PBXFileReference; lastKnownFileType = sourcecode.c.objc; path = TTInputPanelSourceItem.m; sourceTree = "<group>"; };
		A4C1C5171F72650300F9DFD8 /* libTTInputPanel.a */ = {isa = PBXFileReference; explicitFileType = archive.ar; includeInIndex = 0; path = libTTInputPanel.a; sourceTree = BUILT_PRODUCTS_DIR; };
		A4C1C51A1F72650300F9DFD8 /* TTInputPanel.h */ = {isa = PBXFileReference; lastKnownFileType = sourcecode.c.h; path = TTInputPanel.h; sourceTree = "<group>"; };
		A4C1C51B1F72650300F9DFD8 /* TTInputPanel.m */ = {isa = PBXFileReference; lastKnownFileType = sourcecode.c.objc; path = TTInputPanel.m; sourceTree = "<group>"; };
		A4C1C5231F72654100F9DFD8 /* TTInputPanelPre.pch */ = {isa = PBXFileReference; lastKnownFileType = sourcecode.c.h; path = TTInputPanelPre.pch; sourceTree = "<group>"; };
/* End PBXFileReference section */

/* Begin PBXFrameworksBuildPhase section */
		A4C1C5141F72650300F9DFD8 /* Frameworks */ = {
			isa = PBXFrameworksBuildPhase;
			buildActionMask = 2147483647;
			files = (
			);
			runOnlyForDeploymentPostprocessing = 0;
		};
/* End PBXFrameworksBuildPhase section */

/* Begin PBXGroup section */
		A4ADD6D81F78AC990095C9BE /* bar */ = {
			isa = PBXGroup;
			children = (
				A4ADD6DC1F78ACCF0095C9BE /* TTInputBar.h */,
				A4ADD6DD1F78ACCF0095C9BE /* TTInputBar.m */,
				A4ADD6E51F78AD9F0095C9BE /* TTInputPanelBar.h */,
				A4ADD6E61F78AD9F0095C9BE /* TTInputPanelBar.m */,
				A4ADD6EB1F78B09B0095C9BE /* TTInputBarItem.h */,
				A4ADD6EC1F78B09B0095C9BE /* TTInputBarItem.m */,
				A4ADD6F11F78B0CC0095C9BE /* TTInputPanelBarlItem.h */,
				A4ADD6F21F78B0CC0095C9BE /* TTInputPanelBarlItem.m */,
			);
			path = bar;
			sourceTree = "<group>";
		};
		A4ADD6D91F78AC990095C9BE /* sources */ = {
			isa = PBXGroup;
			children = (
				A4ADD6DF1F78AD390095C9BE /* TTInputPanenSource.h */,
				A4ADD6E01F78AD390095C9BE /* TTInputPanenSource.m */,
				A4ADD6E21F78AD7C0095C9BE /* TTInputSource.h */,
				A4ADD6E31F78AD7C0095C9BE /* TTInputSource.m */,
				A4ADD6F41F78B1DB0095C9BE /* TTInputSrouceItem.h */,
				A4ADD6F51F78B1DB0095C9BE /* TTInputSrouceItem.m */,
				A4ADD6F71F78B1ED0095C9BE /* TTInputPanelSourceItem.h */,
				A4ADD6F81F78B1ED0095C9BE /* TTInputPanelSourceItem.m */,
			);
			path = sources;
			sourceTree = "<group>";
		};
		A4C1C50E1F72650300F9DFD8 = {
			isa = PBXGroup;
			children = (
				A4C1C5191F72650300F9DFD8 /* TTInputPanel */,
				A4C1C5181F72650300F9DFD8 /* Products */,
			);
			sourceTree = "<group>";
		};
		A4C1C5181F72650300F9DFD8 /* Products */ = {
			isa = PBXGroup;
			children = (
				A4C1C5171F72650300F9DFD8 /* libTTInputPanel.a */,
			);
			name = Products;
			sourceTree = "<group>";
		};
		A4C1C5191F72650300F9DFD8 /* TTInputPanel */ = {
			isa = PBXGroup;
			children = (
				A4ADD6D81F78AC990095C9BE /* bar */,
				A4ADD6D91F78AC990095C9BE /* sources */,
				A4C1C51A1F72650300F9DFD8 /* TTInputPanel.h */,
				A4C1C51B1F72650300F9DFD8 /* TTInputPanel.m */,
				A4ADD6E81F78ADDA0095C9BE /* TTInput.h */,
				A4ADD6E91F78ADDA0095C9BE /* TTInput.m */,
				A4C1C5231F72654100F9DFD8 /* TTInputPanelPre.pch */,
			);
			path = TTInputPanel;
			sourceTree = "<group>";
		};
/* End PBXGroup section */

/* Begin PBXNativeTarget section */
		A4C1C5161F72650300F9DFD8 /* TTInputPanel */ = {
			isa = PBXNativeTarget;
			buildConfigurationList = A4C1C5201F72650300F9DFD8 /* Build configuration list for PBXNativeTarget "TTInputPanel" */;
			buildPhases = (
				A4C1C5131F72650300F9DFD8 /* Sources */,
				A4C1C5141F72650300F9DFD8 /* Frameworks */,
				A4C1C5151F72650300F9DFD8 /* CopyFiles */,
			);
			buildRules = (
			);
			dependencies = (
			);
			name = TTInputPanel;
			productName = TTInputPanel;
			productReference = A4C1C5171F72650300F9DFD8 /* libTTInputPanel.a */;
			productType = "com.apple.product-type.library.static";
		};
/* End PBXNativeTarget section */

/* Begin PBXProject section */
		A4C1C50F1F72650300F9DFD8 /* Project object */ = {
			isa = PBXProject;
			attributes = {
				LastUpgradeCheck = 0900;
				ORGANIZATIONNAME = simp;
				TargetAttributes = {
					A4C1C5161F72650300F9DFD8 = {
						CreatedOnToolsVersion = 9.0;
					};
				};
			};
			buildConfigurationList = A4C1C5121F72650300F9DFD8 /* Build configuration list for PBXProject "TTInputPanel" */;
			compatibilityVersion = "Xcode 8.0";
			developmentRegion = en;
			hasScannedForEncodings = 0;
			knownRegions = (
				en,
			);
			mainGroup = A4C1C50E1F72650300F9DFD8;
			productRefGroup = A4C1C5181F72650300F9DFD8 /* Products */;
			projectDirPath = "";
			projectRoot = "";
			targets = (
				A4C1C5161F72650300F9DFD8 /* TTInputPanel */,
			);
		};
/* End PBXProject section */

/* Begin PBXSourcesBuildPhase section */
		A4C1C5131F72650300F9DFD8 /* Sources */ = {
			isa = PBXSourcesBuildPhase;
			buildActionMask = 2147483647;
			files = (
				A4ADD6DE1F78ACCF0095C9BE /* TTInputBar.m in Sources */,
				A4ADD6F61F78B1DB0095C9BE /* TTInputSrouceItem.m in Sources */,
				A4ADD6F31F78B0CC0095C9BE /* TTInputPanelBarlItem.m in Sources */,
				A4ADD6E11F78AD390095C9BE /* TTInputPanenSource.m in Sources */,
				A4C1C51C1F72650300F9DFD8 /* TTInputPanel.m in Sources */,
				A4ADD6F91F78B1ED0095C9BE /* TTInputPanelSourceItem.m in Sources */,
				A4ADD6E41F78AD7C0095C9BE /* TTInputSource.m in Sources */,
				A4ADD6EA1F78ADDA0095C9BE /* TTInput.m in Sources */,
				A4ADD6E71F78AD9F0095C9BE /* TTInputPanelBar.m in Sources */,
				A4ADD6ED1F78B09B0095C9BE /* TTInputBarItem.m in Sources */,
			);
			runOnlyForDeploymentPostprocessing = 0;
		};
/* End PBXSourcesBuildPhase section */

/* Begin XCBuildConfiguration section */
		A4C1C51E1F72650300F9DFD8 /* Debug */ = {
			isa = XCBuildConfiguration;
			buildSettings = {
				ALWAYS_SEARCH_USER_PATHS = NO;
				CLANG_ANALYZER_NONNULL = YES;
				CLANG_ANALYZER_NUMBER_OBJECT_CONVERSION = YES_AGGRESSIVE;
				CLANG_CXX_LANGUAGE_STANDARD = "gnu++14";
				CLANG_CXX_LIBRARY = "libc++";
				CLANG_ENABLE_MODULES = YES;
				CLANG_ENABLE_OBJC_ARC = YES;
				CLANG_WARN_BLOCK_CAPTURE_AUTORELEASING = YES;
				CLANG_WARN_BOOL_CONVERSION = YES;
				CLANG_WARN_COMMA = YES;
				CLANG_WARN_CONSTANT_CONVERSION = YES;
				CLANG_WARN_DIRECT_OBJC_ISA_USAGE = YES_ERROR;
				CLANG_WARN_DOCUMENTATION_COMMENTS = YES;
				CLANG_WARN_EMPTY_BODY = YES;
				CLANG_WARN_ENUM_CONVERSION = YES;
				CLANG_WARN_INFINITE_RECURSION = YES;
				CLANG_WARN_INT_CONVERSION = YES;
				CLANG_WARN_OBJC_ROOT_CLASS = YES_ERROR;
				CLANG_WARN_RANGE_LOOP_ANALYSIS = YES;
				CLANG_WARN_STRICT_PROTOTYPES = YES;
				CLANG_WARN_SUSPICIOUS_MOVE = YES;
				CLANG_WARN_UNGUARDED_AVAILABILITY = YES_AGGRESSIVE;
				CLANG_WARN_UNREACHABLE_CODE = YES;
				CLANG_WARN__DUPLICATE_METHOD_MATCH = YES;
				CODE_SIGN_IDENTITY = "iPhone Developer";
				COPY_PHASE_STRIP = NO;
				DEBUG_INFORMATION_FORMAT = dwarf;
				ENABLE_STRICT_OBJC_MSGSEND = YES;
				ENABLE_TESTABILITY = YES;
				GCC_C_LANGUAGE_STANDARD = gnu11;
				GCC_DYNAMIC_NO_PIC = NO;
				GCC_NO_COMMON_BLOCKS = YES;
				GCC_OPTIMIZATION_LEVEL = 0;
				GCC_PREPROCESSOR_DEFINITIONS = (
					"DEBUG=1",
					"$(inherited)",
				);
				GCC_WARN_64_TO_32_BIT_CONVERSION = YES;
				GCC_WARN_ABOUT_RETURN_TYPE = YES_ERROR;
				GCC_WARN_UNDECLARED_SELECTOR = YES;
				GCC_WARN_UNINITIALIZED_AUTOS = YES_AGGRESSIVE;
				GCC_WARN_UNUSED_FUNCTION = YES;
				GCC_WARN_UNUSED_VARIABLE = YES;
				IPHONEOS_DEPLOYMENT_TARGET = 11.0;
				MTL_ENABLE_DEBUG_INFO = YES;
				ONLY_ACTIVE_ARCH = YES;
				SDKROOT = iphoneos;
			};
			name = Debug;
		};
		A4C1C51F1F72650300F9DFD8 /* Release */ = {
			isa = XCBuildConfiguration;
			buildSettings = {
				ALWAYS_SEARCH_USER_PATHS = NO;
				CLANG_ANALYZER_NONNULL = YES;
				CLANG_ANALYZER_NUMBER_OBJECT_CONVERSION = YES_AGGRESSIVE;
				CLANG_CXX_LANGUAGE_STANDARD = "gnu++14";
				CLANG_CXX_LIBRARY = "libc++";
				CLANG_ENABLE_MODULES = YES;
				CLANG_ENABLE_OBJC_ARC = YES;
				CLANG_WARN_BLOCK_CAPTURE_AUTORELEASING = YES;
				CLANG_WARN_BOOL_CONVERSION = YES;
				CLANG_WARN_COMMA = YES;
				CLANG_WARN_CONSTANT_CONVERSION = YES;
				CLANG_WARN_DIRECT_OBJC_ISA_USAGE = YES_ERROR;
				CLANG_WARN_DOCUMENTATION_COMMENTS = YES;
				CLANG_WARN_EMPTY_BODY = YES;
				CLANG_WARN_ENUM_CONVERSION = YES;
				CLANG_WARN_INFINITE_RECURSION = YES;
				CLANG_WARN_INT_CONVERSION = YES;
				CLANG_WARN_OBJC_ROOT_CLASS = YES_ERROR;
				CLANG_WARN_RANGE_LOOP_ANALYSIS = YES;
				CLANG_WARN_STRICT_PROTOTYPES = YES;
				CLANG_WARN_SUSPICIOUS_MOVE = YES;
				CLANG_WARN_UNGUARDED_AVAILABILITY = YES_AGGRESSIVE;
				CLANG_WARN_UNREACHABLE_CODE = YES;
				CLANG_WARN__DUPLICATE_METHOD_MATCH = YES;
				CODE_SIGN_IDENTITY = "iPhone Developer";
				COPY_PHASE_STRIP = NO;
				DEBUG_INFORMATION_FORMAT = "dwarf-with-dsym";
				ENABLE_NS_ASSERTIONS = NO;
				ENABLE_STRICT_OBJC_MSGSEND = YES;
				GCC_C_LANGUAGE_STANDARD = gnu11;
				GCC_NO_COMMON_BLOCKS = YES;
				GCC_WARN_64_TO_32_BIT_CONVERSION = YES;
				GCC_WARN_ABOUT_RETURN_TYPE = YES_ERROR;
				GCC_WARN_UNDECLARED_SELECTOR = YES;
				GCC_WARN_UNINITIALIZED_AUTOS = YES_AGGRESSIVE;
				GCC_WARN_UNUSED_FUNCTION = YES;
				GCC_WARN_UNUSED_VARIABLE = YES;
				IPHONEOS_DEPLOYMENT_TARGET = 11.0;
				MTL_ENABLE_DEBUG_INFO = NO;
				SDKROOT = iphoneos;
				VALIDATE_PRODUCT = YES;
			};
			name = Release;
		};
		A4C1C5211F72650300F9DFD8 /* Debug */ = {
			isa = XCBuildConfiguration;
			buildSettings = {
				DEVELOPMENT_TEAM = 4SND9369ME;
				GCC_PRECOMPILE_PREFIX_HEADER = YES;
				GCC_PREFIX_HEADER = "${SRCROOT}/TTInputPanelPre.pch";
				OTHER_LDFLAGS = "-ObjC";
				PRODUCT_NAME = "$(TARGET_NAME)";
				SKIP_INSTALL = YES;
				TARGETED_DEVICE_FAMILY = "1,2";
			};
			name = Debug;
		};
		A4C1C5221F72650300F9DFD8 /* Release */ = {
			isa = XCBuildConfiguration;
			buildSettings = {
				DEVELOPMENT_TEAM = 4SND9369ME;
				GCC_PRECOMPILE_PREFIX_HEADER = YES;
				GCC_PREFIX_HEADER = "${SRCROOT}/TTInputPanelPre.pch";
				OTHER_LDFLAGS = "-ObjC";
				PRODUCT_NAME = "$(TARGET_NAME)";
				SKIP_INSTALL = YES;
				TARGETED_DEVICE_FAMILY = "1,2";
			};
			name = Release;
		};
/* End XCBuildConfiguration section */

/* Begin XCConfigurationList section */
		A4C1C5121F72650300F9DFD8 /* Build configuration list for PBXProject "TTInputPanel" */ = {
			isa = XCConfigurationList;
			buildConfigurations = (
				A4C1C51E1F72650300F9DFD8 /* Debug */,
				A4C1C51F1F72650300F9DFD8 /* Release */,
			);
			defaultConfigurationIsVisible = 0;
			defaultConfigurationName = Release;
		};
		A4C1C5201F72650300F9DFD8 /* Build configuration list for PBXNativeTarget "TTInputPanel" */ = {
			isa = XCConfigurationList;
			buildConfigurations = (
				A4C1C5211F72650300F9DFD8 /* Debug */,
				A4C1C5221F72650300F9DFD8 /* Release */,
			);
			defaultConfigurationIsVisible = 0;
			defaultConfigurationName = Release;
		};
/* End XCConfigurationList section */
	};
	rootObject = A4C1C50F1F72650300F9DFD8 /* Project object */;
}
